
Microsoft Visual Studio Solution File, Format Version 12.00
# Visual Studio Version 17
VisualStudioVersion = 17.1.32210.238
MinimumVisualStudioVersion = 10.0.40219.1
Project("{FAE04EC0-301F-11D3-BF4B-00C04F79EFBC}") = "Presentacion", "Presentacion\Presentacion.csproj", "{58B36C62-94E3-41E2-A56A-3BA54BDFCFE3}"
EndProject
Project("{FAE04EC0-301F-11D3-BF4B-00C04F79EFBC}") = "Entidad", "Entidad\Entidad.csproj", "{4B536712-8FF3-42D7-8986-1FBF0BCE84A0}"
EndProject
Project("{FAE04EC0-301F-11D3-BF4B-00C04F79EFBC}") = "Logica", "Logica\Logica.csproj", "{8E618390-EC5A-404B-8CE7-FAADBD530783}"
EndProject
Project("{FAE04EC0-301F-11D3-BF4B-00C04F79EFBC}") = "Prueba", "Prueba\Prueba.csproj", "{96D3FC2F-484F-4AAB-A30C-4127721BE572}"
EndProject
Global
	GlobalSection(SolutionConfigurationPlatforms) = preSolution
		Debug|Any CPU = Debug|Any CPU
		Release|Any CPU = Release|Any CPU
	EndGlobalSection
	GlobalSection(ProjectConfigurationPlatforms) = postSolution
		{58B36C62-94E3-41E2-A56A-3BA54BDFCFE3}.Debug|Any CPU.ActiveCfg = Debug|Any CPU
		{58B36C62-94E3-41E2-A56A-3BA54BDFCFE3}.Debug|Any CPU.Build.0 = Debug|Any CPU
		{58B36C62-94E3-41E2-A56A-3BA54BDFCFE3}.Release|Any CPU.ActiveCfg = Release|Any CPU
		{58B36C62-94E3-41E2-A56A-3BA54BDFCFE3}.Release|Any CPU.Build.0 = Release|Any CPU
		{4B536712-8FF3-42D7-8986-1FBF0BCE84A0}.Debug|Any CPU.ActiveCfg = Debug|Any CPU
		{4B536712-8FF3-42D7-8986-1FBF0BCE84A0}.Debug|Any CPU.Build.0 = Debug|Any CPU
		{4B536712-8FF3-42D7-8986-1FBF0BCE84A0}.Release|Any CPU.ActiveCfg = Release|Any CPU
		{4B536712-8FF3-42D7-8986-1FBF0BCE84A0}.Release|Any CPU.Build.0 = Release|Any CPU
		{8E618390-EC5A-404B-8CE7-FAADBD530783}.Debug|Any CPU.ActiveCfg = Debug|Any CPU
		{8E618390-EC5A-404B-8CE7-FAADBD530783}.Debug|Any CPU.Build.0 = Debug|Any CPU
		{8E618390-EC5A-404B-8CE7-FAADBD530783}.Release|Any CPU.ActiveCfg = Release|Any CPU
		{8E618390-EC5A-404B-8CE7-FAADBD530783}.Release|Any CPU.Build.0 = Release|Any CPU
		{96D3FC2F-484F-4AAB-A30C-4127721BE572}.Debug|Any CPU.ActiveCfg = Debug|Any CPU
		{96D3FC2F-484F-4AAB-A30C-4127721BE572}.Debug|Any CPU.Build.0 = Debug|Any CPU
		{96D3FC2F-484F-4AAB-A30C-4127721BE572}.Release|Any CPU.ActiveCfg = Release|Any CPU
		{96D3FC2F-484F-4AAB-A30C-4127721BE572}.Release|Any CPU.Build.0 = Release|Any CPU
	EndGlobalSection
	GlobalSection(SolutionProperties) = preSolution
		HideSolutionNode = FALSE
	EndGlobalSection
	GlobalSection(ExtensibilityGlobals) = postSolution
		SolutionGuid = {B03B60AF-0F87-4C12-950F-F7C9B6285E84}
	EndGlobalSection
EndGlobal
